
Microsoft Visual Studio Solution File, Format Version 12.00
# Visual Studio Version 17
VisualStudioVersion = 17.5.002.0
MinimumVisualStudioVersion = 10.0.40219.1
Project("{9A19103F-16F7-4668-BE54-9A1E7A4F7556}") = "KinoTicketSystem", "KinoTicketSystem.csproj", "{E4148387-18B5-4716-914C-0A28AB3E507B}"
EndProject
Global
	GlobalSection(SolutionConfigurationPlatforms) = preSolution
		Debug|Any CPU = Debug|Any CPU
		Release|Any CPU = Release|Any CPU
	EndGlobalSection
	GlobalSection(ProjectConfigurationPlatforms) = postSolution
		{E4148387-18B5-4716-914C-0A28AB3E507B}.Debug|Any CPU.ActiveCfg = Debug|Any CPU
		{E4148387-18B5-4716-914C-0A28AB3E507B}.Debug|Any CPU.Build.0 = Debug|Any CPU
		{E4148387-18B5-4716-914C-0A28AB3E507B}.Release|Any CPU.ActiveCfg = Release|Any CPU
		{E4148387-18B5-4716-914C-0A28AB3E507B}.Release|Any CPU.Build.0 = Release|Any CPU
	EndGlobalSection
	GlobalSection(SolutionProperties) = preSolution
		HideSolutionNode = FALSE
	EndGlobalSection
	GlobalSection(ExtensibilityGlobals) = postSolution
		SolutionGuid = {937B49BD-CE60-427C-A5CF-65826CE1D6CA}
	EndGlobalSection
EndGlobal
